
Microsoft Visual Studio Solution File, Format Version 12.00
# Visual Studio 15
VisualStudioVersion = 15.0.28307.705
MinimumVisualStudioVersion = 10.0.40219.1
Project("{FAE04EC0-301F-11D3-BF4B-00C04F79EFBC}") = "NorthwindTraders.Data", "NorthwindTraders.Data\NorthwindTraders.Data.csproj", "{C1314FBA-59F1-42D0-9B2B-781FB33E3C31}"
EndProject
Project("{FAE04EC0-301F-11D3-BF4B-00C04F79EFBC}") = "NorthwindTraders", "NorthwindTraders\NorthwindTraders.csproj", "{074BDA0E-9321-4FFA-B0CB-4D54600D4880}"
EndProject
Global
	GlobalSection(SolutionConfigurationPlatforms) = preSolution
		Debug|Any CPU = Debug|Any CPU
		Release|Any CPU = Release|Any CPU
	EndGlobalSection
	GlobalSection(ProjectConfigurationPlatforms) = postSolution
		{C1314FBA-59F1-42D0-9B2B-781FB33E3C31}.Debug|Any CPU.ActiveCfg = Debug|Any CPU
		{C1314FBA-59F1-42D0-9B2B-781FB33E3C31}.Debug|Any CPU.Build.0 = Debug|Any CPU
		{C1314FBA-59F1-42D0-9B2B-781FB33E3C31}.Release|Any CPU.ActiveCfg = Release|Any CPU
		{C1314FBA-59F1-42D0-9B2B-781FB33E3C31}.Release|Any CPU.Build.0 = Release|Any CPU
		{074BDA0E-9321-4FFA-B0CB-4D54600D4880}.Debug|Any CPU.ActiveCfg = Debug|Any CPU
		{074BDA0E-9321-4FFA-B0CB-4D54600D4880}.Debug|Any CPU.Build.0 = Debug|Any CPU
		{074BDA0E-9321-4FFA-B0CB-4D54600D4880}.Release|Any CPU.ActiveCfg = Release|Any CPU
		{074BDA0E-9321-4FFA-B0CB-4D54600D4880}.Release|Any CPU.Build.0 = Release|Any CPU
	EndGlobalSection
	GlobalSection(SolutionProperties) = preSolution
		HideSolutionNode = FALSE
	EndGlobalSection
	GlobalSection(ExtensibilityGlobals) = postSolution
		SolutionGuid = {8AD30F25-2EEC-4ABF-988D-69E2F02639C6}
	EndGlobalSection
EndGlobal
